// !$*UTF8*$!
{
	archiveVersion = 1;
	classes = {
	};
	objectVersion = 46;
	objects = {

/* Begin PBXBuildFile section */
		EF6B83C11D9D887200887370 /* KRStatusBarMenu.m in Sources */ = {isa = PBXBuildFile; fileRef = EF6B83C01D9D887200887370 /* KRStatusBarMenu.m */; };
		EF8EC7291D9B773300C18041 /* AppDelegate.m in Sources */ = {isa = PBXBuildFile; fileRef = EF8EC7281D9B773300C18041 /* AppDelegate.m */; };
		EF8EC72C1D9B773300C18041 /* main.m in Sources */ = {isa = PBXBuildFile; fileRef = EF8EC72B1D9B773300C18041 /* main.m */; };
		EF8EC72E1D9B773300C18041 /* Assets.xcassets in Resources */ = {isa = PBXBuildFile; fileRef = EF8EC72D1D9B773300C18041 /* Assets.xcassets */; };
		EF8EC7311D9B773300C18041 /* MainMenu.xib in Resources */ = {isa = PBXBuildFile; fileRef = EF8EC72F1D9B773300C18041 /* MainMenu.xib */; };
/* End PBXBuildFile section */

/* Begin PBXFileReference section */
		EF6B83BF1D9D887200887370 /* KRStatusBarMenu.h */ = {isa = PBXFileReference; fileEncoding = 4; lastKnownFileType = sourcecode.c.h; path = KRStatusBarMenu.h; sourceTree = "<group>"; };
		EF6B83C01D9D887200887370 /* KRStatusBarMenu.m */ = {isa = PBXFileReference; fileEncoding = 4; lastKnownFileType = sourcecode.c.objc; path = KRStatusBarMenu.m; sourceTree = "<group>"; };
		EF8EC7241D9B773300C18041 /* KeyRemapper.app */ = {isa = PBXFileReference; explicitFileType = wrapper.application; includeInIndex = 0; path = KeyRemapper.app; sourceTree = BUILT_PRODUCTS_DIR; };
		EF8EC7271D9B773300C18041 /* AppDelegate.h */ = {isa = PBXFileReference; lastKnownFileType = sourcecode.c.h; path = AppDelegate.h; sourceTree = "<group>"; };
		EF8EC7281D9B773300C18041 /* AppDelegate.m */ = {isa = PBXFileReference; lastKnownFileType = sourcecode.c.objc; path = AppDelegate.m; sourceTree = "<group>"; };
		EF8EC72B1D9B773300C18041 /* main.m */ = {isa = PBXFileReference; lastKnownFileType = sourcecode.c.objc; path = main.m; sourceTree = "<group>"; };
		EF8EC72D1D9B773300C18041 /* Assets.xcassets */ = {isa = PBXFileReference; lastKnownFileType = folder.assetcatalog; path = Assets.xcassets; sourceTree = "<group>"; };
		EF8EC7301D9B773300C18041 /* Base */ = {isa = PBXFileReference; lastKnownFileType = file.xib; name = Base; path = Base.lproj/MainMenu.xib; sourceTree = "<group>"; };
		EF8EC7321D9B773300C18041 /* Info.plist */ = {isa = PBXFileReference; lastKnownFileType = text.plist.xml; path = Info.plist; sourceTree = "<group>"; };
/* End PBXFileReference section */

/* Begin PBXFrameworksBuildPhase section */
		EF8EC7211D9B773300C18041 /* Frameworks */ = {
			isa = PBXFrameworksBuildPhase;
			buildActionMask = 2147483647;
			files = (
			);
			runOnlyForDeploymentPostprocessing = 0;
		};
/* End PBXFrameworksBuildPhase section */

/* Begin PBXGroup section */
		EF8EC71B1D9B773300C18041 = {
			isa = PBXGroup;
			children = (
				EF8EC7261D9B773300C18041 /* KeyRemapper */,
				EF8EC7251D9B773300C18041 /* Products */,
			);
			sourceTree = "<group>";
		};
		EF8EC7251D9B773300C18041 /* Products */ = {
			isa = PBXGroup;
			children = (
				EF8EC7241D9B773300C18041 /* KeyRemapper.app */,
			);
			name = Products;
			sourceTree = "<group>";
		};
		EF8EC7261D9B773300C18041 /* KeyRemapper */ = {
			isa = PBXGroup;
			children = (
				EF8EC7271D9B773300C18041 /* AppDelegate.h */,
				EF8EC7281D9B773300C18041 /* AppDelegate.m */,
				EF6B83BF1D9D887200887370 /* KRStatusBarMenu.h */,
				EF6B83C01D9D887200887370 /* KRStatusBarMenu.m */,
				EF8EC72D1D9B773300C18041 /* Assets.xcassets */,
				EF8EC72F1D9B773300C18041 /* MainMenu.xib */,
				EF8EC7321D9B773300C18041 /* Info.plist */,
				EF8EC72A1D9B773300C18041 /* Supporting Files */,
			);
			path = KeyRemapper;
			sourceTree = "<group>";
		};
		EF8EC72A1D9B773300C18041 /* Supporting Files */ = {
			isa = PBXGroup;
			children = (
				EF8EC72B1D9B773300C18041 /* main.m */,
			);
			name = "Supporting Files";
			sourceTree = "<group>";
		};
/* End PBXGroup section */

/* Begin PBXNativeTarget section */
		EF8EC7231D9B773300C18041 /* KeyRemapper */ = {
			isa = PBXNativeTarget;
			buildConfigurationList = EF8EC7351D9B773300C18041 /* Build configuration list for PBXNativeTarget "KeyRemapper" */;
			buildPhases = (
				EF8EC7201D9B773300C18041 /* Sources */,
				EF8EC7211D9B773300C18041 /* Frameworks */,
				EF8EC7221D9B773300C18041 /* Resources */,
			);
			buildRules = (
			);
			dependencies = (
			);
			name = KeyRemapper;
			productName = KeyRemapper;
			productReference = EF8EC7241D9B773300C18041 /* KeyRemapper.app */;
			productType = "com.apple.product-type.application";
		};
/* End PBXNativeTarget section */

/* Begin PBXProject section */
		EF8EC71C1D9B773300C18041 /* Project object */ = {
			isa = PBXProject;
			attributes = {
				LastUpgradeCheck = 0810;
				ORGANIZATIONNAME = "Conor Hughes";
				TargetAttributes = {
					EF8EC7231D9B773300C18041 = {
						CreatedOnToolsVersion = 8.1;
						DevelopmentTeam = 5HJNVX8UFB;
						ProvisioningStyle = Automatic;
					};
				};
			};
			buildConfigurationList = EF8EC71F1D9B773300C18041 /* Build configuration list for PBXProject "KeyRemapper" */;
			compatibilityVersion = "Xcode 3.2";
			developmentRegion = English;
			hasScannedForEncodings = 0;
			knownRegions = (
				en,
				Base,
			);
			mainGroup = EF8EC71B1D9B773300C18041;
			productRefGroup = EF8EC7251D9B773300C18041 /* Products */;
			projectDirPath = "";
			projectRoot = "";
			targets = (
				EF8EC7231D9B773300C18041 /* KeyRemapper */,
			);
		};
/* End PBXProject section */

/* Begin PBXResourcesBuildPhase section */
		EF8EC7221D9B773300C18041 /* Resources */ = {
			isa = PBXResourcesBuildPhase;
			buildActionMask = 2147483647;
			files = (
				EF8EC72E1D9B773300C18041 /* Assets.xcassets in Resources */,
				EF8EC7311D9B773300C18041 /* MainMenu.xib in Resources */,
			);
			runOnlyForDeploymentPostprocessing = 0;
		};
/* End PBXResourcesBuildPhase section */

/* Begin PBXSourcesBuildPhase section */
		EF8EC7201D9B773300C18041 /* Sources */ = {
			isa = PBXSourcesBuildPhase;
			buildActionMask = 2147483647;
			files = (
				EF6B83C11D9D887200887370 /* KRStatusBarMenu.m in Sources */,
				EF8EC72C1D9B773300C18041 /* main.m in Sources */,
				EF8EC7291D9B773300C18041 /* AppDelegate.m in Sources */,
			);
			runOnlyForDeploymentPostprocessing = 0;
		};
/* End PBXSourcesBuildPhase section */

/* Begin PBXVariantGroup section */
		EF8EC72F1D9B773300C18041 /* MainMenu.xib */ = {
			isa = PBXVariantGroup;
			children = (
				EF8EC7301D9B773300C18041 /* Base */,
			);
			name = MainMenu.xib;
			sourceTree = "<group>";
		};
/* End PBXVariantGroup section */

/* Begin XCBuildConfiguration section */
		EF8EC7331D9B773300C18041 /* Debug */ = {
			isa = XCBuildConfiguration;
			buildSettings = {
				ALWAYS_SEARCH_USER_PATHS = NO;
				CLANG_ANALYZER_NONNULL = YES;
				CLANG_CXX_LANGUAGE_STANDARD = "gnu++0x";
				CLANG_CXX_LIBRARY = "libc++";
				CLANG_ENABLE_MODULES = YES;
				CLANG_ENABLE_OBJC_ARC = YES;
				CLANG_WARN_BOOL_CONVERSION = YES;
				CLANG_WARN_CONSTANT_CONVERSION = YES;
				CLANG_WARN_DIRECT_OBJC_ISA_USAGE = YES_ERROR;
				CLANG_WARN_DOCUMENTATION_COMMENTS = YES;
				CLANG_WARN_EMPTY_BODY = YES;
				CLANG_WARN_ENUM_CONVERSION = YES;
				CLANG_WARN_INFINITE_RECURSION = YES;
				CLANG_WARN_INT_CONVERSION = YES;
				CLANG_WARN_OBJC_ROOT_CLASS = YES_ERROR;
				CLANG_WARN_SUSPICIOUS_MOVES = YES;
				CLANG_WARN_UNREACHABLE_CODE = YES;
				CLANG_WARN__DUPLICATE_METHOD_MATCH = YES;
				CODE_SIGN_IDENTITY = "-";
				COPY_PHASE_STRIP = NO;
				DEBUG_INFORMATION_FORMAT = dwarf;
				ENABLE_STRICT_OBJC_MSGSEND = YES;
				ENABLE_TESTABILITY = YES;
				GCC_C_LANGUAGE_STANDARD = gnu99;
				GCC_DYNAMIC_NO_PIC = NO;
				GCC_NO_COMMON_BLOCKS = YES;
				GCC_OPTIMIZATION_LEVEL = 0;
				GCC_PREPROCESSOR_DEFINITIONS = (
					"DEBUG=1",
					"$(inherited)",
				);
				GCC_WARN_64_TO_32_BIT_CONVERSION = YES;
				GCC_WARN_ABOUT_RETURN_TYPE = YES_ERROR;
				GCC_WARN_UNDECLARED_SELECTOR = YES;
				GCC_WARN_UNINITIALIZED_AUTOS = YES_AGGRESSIVE;
				GCC_WARN_UNUSED_FUNCTION = YES;
				GCC_WARN_UNUSED_VARIABLE = YES;
				MACOSX_DEPLOYMENT_TARGET = 10.12;
				MTL_ENABLE_DEBUG_INFO = YES;
				ONLY_ACTIVE_ARCH = YES;
				SDKROOT = macosx;
			};
			name = Debug;
		};
		EF8EC7341D9B773300C18041 /* Release */ = {
			isa = XCBuildConfiguration;
			buildSettings = {
				ALWAYS_SEARCH_USER_PATHS = NO;
				CLANG_ANALYZER_NONNULL = YES;
				CLANG_CXX_LANGUAGE_STANDARD = "gnu++0x";
				CLANG_CXX_LIBRARY = "libc++";
				CLANG_ENABLE_MODULES = YES;
				CLANG_ENABLE_OBJC_ARC = YES;
				CLANG_WARN_BOOL_CONVERSION = YES;
				CLANG_WARN_CONSTANT_CONVERSION = YES;
				CLANG_WARN_DIRECT_OBJC_ISA_USAGE = YES_ERROR;
				CLANG_WARN_DOCUMENTATION_COMMENTS = YES;
				CLANG_WARN_EMPTY_BODY = YES;
				CLANG_WARN_ENUM_CONVERSION = YES;
				CLANG_WARN_INFINITE_RECURSION = YES;
				CLANG_WARN_INT_CONVERSION = YES;
				CLANG_WARN_OBJC_ROOT_CLASS = YES_ERROR;
				CLANG_WARN_SUSPICIOUS_MOVES = YES;
				CLANG_WARN_UNREACHABLE_CODE = YES;
				CLANG_WARN__DUPLICATE_METHOD_MATCH = YES;
				CODE_SIGN_IDENTITY = "-";
				COPY_PHASE_STRIP = NO;
				DEBUG_INFORMATION_FORMAT = "dwarf-with-dsym";
				ENABLE_NS_ASSERTIONS = NO;
				ENABLE_STRICT_OBJC_MSGSEND = YES;
				GCC_C_LANGUAGE_STANDARD = gnu99;
				GCC_NO_COMMON_BLOCKS = YES;
				GCC_WARN_64_TO_32_BIT_CONVERSION = YES;
				GCC_WARN_ABOUT_RETURN_TYPE = YES_ERROR;
				GCC_WARN_UNDECLARED_SELECTOR = YES;
				GCC_WARN_UNINITIALIZED_AUTOS = YES_AGGRESSIVE;
				GCC_WARN_UNUSED_FUNCTION = YES;
				GCC_WARN_UNUSED_VARIABLE = YES;
				MACOSX_DEPLOYMENT_TARGET = 10.12;
				MTL_ENABLE_DEBUG_INFO = NO;
				SDKROOT = macosx;
			};
			name = Release;
		};
		EF8EC7361D9B773300C18041 /* Debug */ = {
			isa = XCBuildConfiguration;
			buildSettings = {
				ASSETCATALOG_COMPILER_APPICON_NAME = AppIcon;
				COMBINE_HIDPI_IMAGES = YES;
				DEVELOPMENT_TEAM = 5HJNVX8UFB;
				INFOPLIST_FILE = KeyRemapper/Info.plist;
				LD_RUNPATH_SEARCH_PATHS = "$(inherited) @executable_path/../Frameworks";
				PRODUCT_BUNDLE_IDENTIFIER = net.conorh.KeyRemapper;
				PRODUCT_NAME = "$(TARGET_NAME)";
			};
			name = Debug;
		};
		EF8EC7371D9B773300C18041 /* Release */ = {
			isa = XCBuildConfiguration;
			buildSettings = {
				ASSETCATALOG_COMPILER_APPICON_NAME = AppIcon;
				COMBINE_HIDPI_IMAGES = YES;
				DEVELOPMENT_TEAM = 5HJNVX8UFB;
				INFOPLIST_FILE = KeyRemapper/Info.plist;
				LD_RUNPATH_SEARCH_PATHS = "$(inherited) @executable_path/../Frameworks";
				PRODUCT_BUNDLE_IDENTIFIER = net.conorh.KeyRemapper;
				PRODUCT_NAME = "$(TARGET_NAME)";
			};
			name = Release;
		};
/* End XCBuildConfiguration section */

/* Begin XCConfigurationList section */
		EF8EC71F1D9B773300C18041 /* Build configuration list for PBXProject "KeyRemapper" */ = {
			isa = XCConfigurationList;
			buildConfigurations = (
				EF8EC7331D9B773300C18041 /* Debug */,
				EF8EC7341D9B773300C18041 /* Release */,
			);
			defaultConfigurationIsVisible = 0;
			defaultConfigurationName = Release;
		};
		EF8EC7351D9B773300C18041 /* Build configuration list for PBXNativeTarget "KeyRemapper" */ = {
			isa = XCConfigurationList;
			buildConfigurations = (
				EF8EC7361D9B773300C18041 /* Debug */,
				EF8EC7371D9B773300C18041 /* Release */,
			);
			defaultConfigurationIsVisible = 0;
			defaultConfigurationName = Release;
		};
/* End XCConfigurationList section */
	};
	rootObject = EF8EC71C1D9B773300C18041 /* Project object */;
}
